
Microsoft Visual Studio Solution File, Format Version 12.00
# Visual Studio Version 17
VisualStudioVersion = 17.14.36414.22 d17.14
MinimumVisualStudioVersion = 10.0.40219.1
Project("{FAE04EC0-301F-11D3-BF4B-00C04F79EFBC}") = "Bezeroa", "Bezeroa\Bezeroa.csproj", "{F242FD4C-9DA8-45DB-BAA0-6E22E199EA8C}"
EndProject
Global
	GlobalSection(SolutionConfigurationPlatforms) = preSolution
		Debug|Any CPU = Debug|Any CPU
		Release|Any CPU = Release|Any CPU
	EndGlobalSection
	GlobalSection(ProjectConfigurationPlatforms) = postSolution
		{F242FD4C-9DA8-45DB-BAA0-6E22E199EA8C}.Debug|Any CPU.ActiveCfg = Debug|Any CPU
		{F242FD4C-9DA8-45DB-BAA0-6E22E199EA8C}.Debug|Any CPU.Build.0 = Debug|Any CPU
		{F242FD4C-9DA8-45DB-BAA0-6E22E199EA8C}.Release|Any CPU.ActiveCfg = Release|Any CPU
		{F242FD4C-9DA8-45DB-BAA0-6E22E199EA8C}.Release|Any CPU.Build.0 = Release|Any CPU
	EndGlobalSection
	GlobalSection(SolutionProperties) = preSolution
		HideSolutionNode = FALSE
	EndGlobalSection
	GlobalSection(ExtensibilityGlobals) = postSolution
		SolutionGuid = {33754C4F-ACE3-485B-B924-B4DC1F7D876F}
	EndGlobalSection
EndGlobal
